
Microsoft Visual Studio Solution File, Format Version 12.00
# Visual Studio 15
VisualStudioVersion = 15.0.28010.2041
MinimumVisualStudioVersion = 10.0.40219.1
Project("{FAE04EC0-301F-11D3-BF4B-00C04F79EFBC}") = "MilitaryTCGUtility", "MilitaryTCGUtility\MilitaryTCGUtility.csproj", "{CBDCC69B-998A-4219-A6A6-96A25C602665}"
EndProject
Project("{FAE04EC0-301F-11D3-BF4B-00C04F79EFBC}") = "TestField", "TestField\TestField.csproj", "{DB146A6A-6544-4FAA-A244-66017E8D4CC9}"
EndProject
Project("{FAE04EC0-301F-11D3-BF4B-00C04F79EFBC}") = "CardCreator", "CardCreator\CardCreator.csproj", "{578846A8-795F-4FE8-AB68-8EAED4262783}"
EndProject
Project("{FAE04EC0-301F-11D3-BF4B-00C04F79EFBC}") = "FactionEditor", "FactionEditor\FactionEditor.csproj", "{1CB45A2E-105E-4FB8-8F25-8B6F3990B344}"
EndProject
Global
	GlobalSection(SolutionConfigurationPlatforms) = preSolution
		Debug|Any CPU = Debug|Any CPU
		Release|Any CPU = Release|Any CPU
	EndGlobalSection
	GlobalSection(ProjectConfigurationPlatforms) = postSolution
		{CBDCC69B-998A-4219-A6A6-96A25C602665}.Debug|Any CPU.ActiveCfg = Debug|Any CPU
		{CBDCC69B-998A-4219-A6A6-96A25C602665}.Debug|Any CPU.Build.0 = Debug|Any CPU
		{CBDCC69B-998A-4219-A6A6-96A25C602665}.Release|Any CPU.ActiveCfg = Release|Any CPU
		{CBDCC69B-998A-4219-A6A6-96A25C602665}.Release|Any CPU.Build.0 = Release|Any CPU
		{DB146A6A-6544-4FAA-A244-66017E8D4CC9}.Debug|Any CPU.ActiveCfg = Debug|Any CPU
		{DB146A6A-6544-4FAA-A244-66017E8D4CC9}.Debug|Any CPU.Build.0 = Debug|Any CPU
		{DB146A6A-6544-4FAA-A244-66017E8D4CC9}.Release|Any CPU.ActiveCfg = Release|Any CPU
		{DB146A6A-6544-4FAA-A244-66017E8D4CC9}.Release|Any CPU.Build.0 = Release|Any CPU
		{578846A8-795F-4FE8-AB68-8EAED4262783}.Debug|Any CPU.ActiveCfg = Debug|Any CPU
		{578846A8-795F-4FE8-AB68-8EAED4262783}.Debug|Any CPU.Build.0 = Debug|Any CPU
		{578846A8-795F-4FE8-AB68-8EAED4262783}.Release|Any CPU.ActiveCfg = Release|Any CPU
		{578846A8-795F-4FE8-AB68-8EAED4262783}.Release|Any CPU.Build.0 = Release|Any CPU
		{1CB45A2E-105E-4FB8-8F25-8B6F3990B344}.Debug|Any CPU.ActiveCfg = Debug|Any CPU
		{1CB45A2E-105E-4FB8-8F25-8B6F3990B344}.Debug|Any CPU.Build.0 = Debug|Any CPU
		{1CB45A2E-105E-4FB8-8F25-8B6F3990B344}.Release|Any CPU.ActiveCfg = Release|Any CPU
		{1CB45A2E-105E-4FB8-8F25-8B6F3990B344}.Release|Any CPU.Build.0 = Release|Any CPU
	EndGlobalSection
	GlobalSection(SolutionProperties) = preSolution
		HideSolutionNode = FALSE
	EndGlobalSection
	GlobalSection(ExtensibilityGlobals) = postSolution
		SolutionGuid = {53A856CD-6794-415D-9D58-3B21EC324647}
	EndGlobalSection
EndGlobal
